
Microsoft Visual Studio Solution File, Format Version 12.00
# Visual Studio Version 17
VisualStudioVersion = 17.9.34607.119
MinimumVisualStudioVersion = 10.0.40219.1
Project("{FAE04EC0-301F-11D3-BF4B-00C04F79EFBC}") = "Curso", "Curso.csproj", "{5F3AAE48-D88C-4CB4-9FD4-31BC6AF7DD0A}"
EndProject
Global
	GlobalSection(SolutionConfigurationPlatforms) = preSolution
		Debug|Any CPU = Debug|Any CPU
		Release|Any CPU = Release|Any CPU
	EndGlobalSection
	GlobalSection(ProjectConfigurationPlatforms) = postSolution
		{5F3AAE48-D88C-4CB4-9FD4-31BC6AF7DD0A}.Debug|Any CPU.ActiveCfg = Debug|Any CPU
		{5F3AAE48-D88C-4CB4-9FD4-31BC6AF7DD0A}.Debug|Any CPU.Build.0 = Debug|Any CPU
		{5F3AAE48-D88C-4CB4-9FD4-31BC6AF7DD0A}.Release|Any CPU.ActiveCfg = Release|Any CPU
		{5F3AAE48-D88C-4CB4-9FD4-31BC6AF7DD0A}.Release|Any CPU.Build.0 = Release|Any CPU
	EndGlobalSection
	GlobalSection(SolutionProperties) = preSolution
		HideSolutionNode = FALSE
	EndGlobalSection
	GlobalSection(ExtensibilityGlobals) = postSolution
		SolutionGuid = {BB032FC4-D9B9-4AA2-8436-B2603B1AD977}
	EndGlobalSection
EndGlobal
